// !$*UTF8*$!
{
	archiveVersion = 1;
	classes = {
	};
	objectVersion = 50;
	objects = {

/* Begin PBXBuildFile section */
		C93CF5DA262DB2DB00258D76 /* AppDelegate.swift in Sources */ = {isa = PBXBuildFile; fileRef = C93CF5D9262DB2DB00258D76 /* AppDelegate.swift */; };
		C93CF5DC262DB2DB00258D76 /* SceneDelegate.swift in Sources */ = {isa = PBXBuildFile; fileRef = C93CF5DB262DB2DB00258D76 /* SceneDelegate.swift */; };
		C93CF5DE262DB2DB00258D76 /* ViewController.swift in Sources */ = {isa = PBXBuildFile; fileRef = C93CF5DD262DB2DB00258D76 /* ViewController.swift */; };
		C93CF5E1262DB2DB00258D76 /* Main.storyboard in Resources */ = {isa = PBXBuildFile; fileRef = C93CF5DF262DB2DB00258D76 /* Main.storyboard */; };
		C93CF5E3262DB2DD00258D76 /* Assets.xcassets in Resources */ = {isa = PBXBuildFile; fileRef = C93CF5E2262DB2DD00258D76 /* Assets.xcassets */; };
		C93CF5E6262DB2DD00258D76 /* LaunchScreen.storyboard in Resources */ = {isa = PBXBuildFile; fileRef = C93CF5E4262DB2DD00258D76 /* LaunchScreen.storyboard */; };
		C93CF5F0262DFC8A00258D76 /* ResultViewController.swift in Sources */ = {isa = PBXBuildFile; fileRef = C93CF5EF262DFC8A00258D76 /* ResultViewController.swift */; };
/* End PBXBuildFile section */

/* Begin PBXFileReference section */
		C93CF5D6262DB2DB00258D76 /* tipsyApp.app */ = {isa = PBXFileReference; explicitFileType = wrapper.application; includeInIndex = 0; path = tipsyApp.app; sourceTree = BUILT_PRODUCTS_DIR; };
		C93CF5D9262DB2DB00258D76 /* AppDelegate.swift */ = {isa = PBXFileReference; lastKnownFileType = sourcecode.swift; path = AppDelegate.swift; sourceTree = "<group>"; };
		C93CF5DB262DB2DB00258D76 /* SceneDelegate.swift */ = {isa = PBXFileReference; lastKnownFileType = sourcecode.swift; path = SceneDelegate.swift; sourceTree = "<group>"; };
		C93CF5DD262DB2DB00258D76 /* ViewController.swift */ = {isa = PBXFileReference; lastKnownFileType = sourcecode.swift; path = ViewController.swift; sourceTree = "<group>"; };
		C93CF5E0262DB2DB00258D76 /* Base */ = {isa = PBXFileReference; lastKnownFileType = file.storyboard; name = Base; path = Base.lproj/Main.storyboard; sourceTree = "<group>"; };
		C93CF5E2262DB2DD00258D76 /* Assets.xcassets */ = {isa = PBXFileReference; lastKnownFileType = folder.assetcatalog; path = Assets.xcassets; sourceTree = "<group>"; };
		C93CF5E5262DB2DD00258D76 /* Base */ = {isa = PBXFileReference; lastKnownFileType = file.storyboard; name = Base; path = Base.lproj/LaunchScreen.storyboard; sourceTree = "<group>"; };
		C93CF5E7262DB2DD00258D76 /* Info.plist */ = {isa = PBXFileReference; lastKnownFileType = text.plist.xml; path = Info.plist; sourceTree = "<group>"; };
		C93CF5EF262DFC8A00258D76 /* ResultViewController.swift */ = {isa = PBXFileReference; lastKnownFileType = sourcecode.swift; path = ResultViewController.swift; sourceTree = "<group>"; };
/* End PBXFileReference section */

/* Begin PBXFrameworksBuildPhase section */
		C93CF5D3262DB2DB00258D76 /* Frameworks */ = {
			isa = PBXFrameworksBuildPhase;
			buildActionMask = 2147483647;
			files = (
			);
			runOnlyForDeploymentPostprocessing = 0;
		};
/* End PBXFrameworksBuildPhase section */

/* Begin PBXGroup section */
		C93CF5CD262DB2DB00258D76 = {
			isa = PBXGroup;
			children = (
				C93CF5D8262DB2DB00258D76 /* tipsyApp */,
				C93CF5D7262DB2DB00258D76 /* Products */,
			);
			sourceTree = "<group>";
		};
		C93CF5D7262DB2DB00258D76 /* Products */ = {
			isa = PBXGroup;
			children = (
				C93CF5D6262DB2DB00258D76 /* tipsyApp.app */,
			);
			name = Products;
			sourceTree = "<group>";
		};
		C93CF5D8262DB2DB00258D76 /* tipsyApp */ = {
			isa = PBXGroup;
			children = (
				C93CF5D9262DB2DB00258D76 /* AppDelegate.swift */,
				C93CF5DB262DB2DB00258D76 /* SceneDelegate.swift */,
				C93CF5DD262DB2DB00258D76 /* ViewController.swift */,
				C93CF5DF262DB2DB00258D76 /* Main.storyboard */,
				C93CF5E2262DB2DD00258D76 /* Assets.xcassets */,
				C93CF5E4262DB2DD00258D76 /* LaunchScreen.storyboard */,
				C93CF5E7262DB2DD00258D76 /* Info.plist */,
				C93CF5EF262DFC8A00258D76 /* ResultViewController.swift */,
			);
			path = tipsyApp;
			sourceTree = "<group>";
		};
/* End PBXGroup section */

/* Begin PBXNativeTarget section */
		C93CF5D5262DB2DB00258D76 /* tipsyApp */ = {
			isa = PBXNativeTarget;
			buildConfigurationList = C93CF5EA262DB2DD00258D76 /* Build configuration list for PBXNativeTarget "tipsyApp" */;
			buildPhases = (
				C93CF5D2262DB2DB00258D76 /* Sources */,
				C93CF5D3262DB2DB00258D76 /* Frameworks */,
				C93CF5D4262DB2DB00258D76 /* Resources */,
			);
			buildRules = (
			);
			dependencies = (
			);
			name = tipsyApp;
			productName = tipsyApp;
			productReference = C93CF5D6262DB2DB00258D76 /* tipsyApp.app */;
			productType = "com.apple.product-type.application";
		};
/* End PBXNativeTarget section */

/* Begin PBXProject section */
		C93CF5CE262DB2DB00258D76 /* Project object */ = {
			isa = PBXProject;
			attributes = {
				LastSwiftUpdateCheck = 1240;
				LastUpgradeCheck = 1240;
				TargetAttributes = {
					C93CF5D5262DB2DB00258D76 = {
						CreatedOnToolsVersion = 12.4;
					};
				};
			};
			buildConfigurationList = C93CF5D1262DB2DB00258D76 /* Build configuration list for PBXProject "tipsyApp" */;
			compatibilityVersion = "Xcode 9.3";
			developmentRegion = en;
			hasScannedForEncodings = 0;
			knownRegions = (
				en,
				Base,
			);
			mainGroup = C93CF5CD262DB2DB00258D76;
			productRefGroup = C93CF5D7262DB2DB00258D76 /* Products */;
			projectDirPath = "";
			projectRoot = "";
			targets = (
				C93CF5D5262DB2DB00258D76 /* tipsyApp */,
			);
		};
/* End PBXProject section */

/* Begin PBXResourcesBuildPhase section */
		C93CF5D4262DB2DB00258D76 /* Resources */ = {
			isa = PBXResourcesBuildPhase;
			buildActionMask = 2147483647;
			files = (
				C93CF5E6262DB2DD00258D76 /* LaunchScreen.storyboard in Resources */,
				C93CF5E3262DB2DD00258D76 /* Assets.xcassets in Resources */,
				C93CF5E1262DB2DB00258D76 /* Main.storyboard in Resources */,
			);
			runOnlyForDeploymentPostprocessing = 0;
		};
/* End PBXResourcesBuildPhase section */

/* Begin PBXSourcesBuildPhase section */
		C93CF5D2262DB2DB00258D76 /* Sources */ = {
			isa = PBXSourcesBuildPhase;
			buildActionMask = 2147483647;
			files = (
				C93CF5DE262DB2DB00258D76 /* ViewController.swift in Sources */,
				C93CF5DA262DB2DB00258D76 /* AppDelegate.swift in Sources */,
				C93CF5DC262DB2DB00258D76 /* SceneDelegate.swift in Sources */,
				C93CF5F0262DFC8A00258D76 /* ResultViewController.swift in Sources */,
			);
			runOnlyForDeploymentPostprocessing = 0;
		};
/* End PBXSourcesBuildPhase section */

/* Begin PBXVariantGroup section */
		C93CF5DF262DB2DB00258D76 /* Main.storyboard */ = {
			isa = PBXVariantGroup;
			children = (
				C93CF5E0262DB2DB00258D76 /* Base */,
			);
			name = Main.storyboard;
			sourceTree = "<group>";
		};
		C93CF5E4262DB2DD00258D76 /* LaunchScreen.storyboard */ = {
			isa = PBXVariantGroup;
			children = (
				C93CF5E5262DB2DD00258D76 /* Base */,
			);
			name = LaunchScreen.storyboard;
			sourceTree = "<group>";
		};
/* End PBXVariantGroup section */

/* Begin XCBuildConfiguration section */
		C93CF5E8262DB2DD00258D76 /* Debug */ = {
			isa = XCBuildConfiguration;
			buildSettings = {
				ALWAYS_SEARCH_USER_PATHS = NO;
				CLANG_ANALYZER_NONNULL = YES;
				CLANG_ANALYZER_NUMBER_OBJECT_CONVERSION = YES_AGGRESSIVE;
				CLANG_CXX_LANGUAGE_STANDARD = "gnu++14";
				CLANG_CXX_LIBRARY = "libc++";
				CLANG_ENABLE_MODULES = YES;
				CLANG_ENABLE_OBJC_ARC = YES;
				CLANG_ENABLE_OBJC_WEAK = YES;
				CLANG_WARN_BLOCK_CAPTURE_AUTORELEASING = YES;
				CLANG_WARN_BOOL_CONVERSION = YES;
				CLANG_WARN_COMMA = YES;
				CLANG_WARN_CONSTANT_CONVERSION = YES;
				CLANG_WARN_DEPRECATED_OBJC_IMPLEMENTATIONS = YES;
				CLANG_WARN_DIRECT_OBJC_ISA_USAGE = YES_ERROR;
				CLANG_WARN_DOCUMENTATION_COMMENTS = YES;
				CLANG_WARN_EMPTY_BODY = YES;
				CLANG_WARN_ENUM_CONVERSION = YES;
				CLANG_WARN_INFINITE_RECURSION = YES;
				CLANG_WARN_INT_CONVERSION = YES;
				CLANG_WARN_NON_LITERAL_NULL_CONVERSION = YES;
				CLANG_WARN_OBJC_IMPLICIT_RETAIN_SELF = YES;
				CLANG_WARN_OBJC_LITERAL_CONVERSION = YES;
				CLANG_WARN_OBJC_ROOT_CLASS = YES_ERROR;
				CLANG_WARN_QUOTED_INCLUDE_IN_FRAMEWORK_HEADER = YES;
				CLANG_WARN_RANGE_LOOP_ANALYSIS = YES;
				CLANG_WARN_STRICT_PROTOTYPES = YES;
				CLANG_WARN_SUSPICIOUS_MOVE = YES;
				CLANG_WARN_UNGUARDED_AVAILABILITY = YES_AGGRESSIVE;
				CLANG_WARN_UNREACHABLE_CODE = YES;
				CLANG_WARN__DUPLICATE_METHOD_MATCH = YES;
				COPY_PHASE_STRIP = NO;
				DEBUG_INFORMATION_FORMAT = dwarf;
				ENABLE_STRICT_OBJC_MSGSEND = YES;
				ENABLE_TESTABILITY = YES;
				GCC_C_LANGUAGE_STANDARD = gnu11;
				GCC_DYNAMIC_NO_PIC = NO;
				GCC_NO_COMMON_BLOCKS = YES;
				GCC_OPTIMIZATION_LEVEL = 0;
				GCC_PREPROCESSOR_DEFINITIONS = (
					"DEBUG=1",
					"$(inherited)",
				);
				GCC_WARN_64_TO_32_BIT_CONVERSION = YES;
				GCC_WARN_ABOUT_RETURN_TYPE = YES_ERROR;
				GCC_WARN_UNDECLARED_SELECTOR = YES;
				GCC_WARN_UNINITIALIZED_AUTOS = YES_AGGRESSIVE;
				GCC_WARN_UNUSED_FUNCTION = YES;
				GCC_WARN_UNUSED_VARIABLE = YES;
				IPHONEOS_DEPLOYMENT_TARGET = 14.4;
				MTL_ENABLE_DEBUG_INFO = INCLUDE_SOURCE;
				MTL_FAST_MATH = YES;
				ONLY_ACTIVE_ARCH = YES;
				SDKROOT = iphoneos;
				SWIFT_ACTIVE_COMPILATION_CONDITIONS = DEBUG;
				SWIFT_OPTIMIZATION_LEVEL = "-Onone";
			};
			name = Debug;
		};
		C93CF5E9262DB2DD00258D76 /* Release */ = {
			isa = XCBuildConfiguration;
			buildSettings = {
				ALWAYS_SEARCH_USER_PATHS = NO;
				CLANG_ANALYZER_NONNULL = YES;
				CLANG_ANALYZER_NUMBER_OBJECT_CONVERSION = YES_AGGRESSIVE;
				CLANG_CXX_LANGUAGE_STANDARD = "gnu++14";
				CLANG_CXX_LIBRARY = "libc++";
				CLANG_ENABLE_MODULES = YES;
				CLANG_ENABLE_OBJC_ARC = YES;
				CLANG_ENABLE_OBJC_WEAK = YES;
				CLANG_WARN_BLOCK_CAPTURE_AUTORELEASING = YES;
				CLANG_WARN_BOOL_CONVERSION = YES;
				CLANG_WARN_COMMA = YES;
				CLANG_WARN_CONSTANT_CONVERSION = YES;
				CLANG_WARN_DEPRECATED_OBJC_IMPLEMENTATIONS = YES;
				CLANG_WARN_DIRECT_OBJC_ISA_USAGE = YES_ERROR;
				CLANG_WARN_DOCUMENTATION_COMMENTS = YES;
				CLANG_WARN_EMPTY_BODY = YES;
				CLANG_WARN_ENUM_CONVERSION = YES;
				CLANG_WARN_INFINITE_RECURSION = YES;
				CLANG_WARN_INT_CONVERSION = YES;
				CLANG_WARN_NON_LITERAL_NULL_CONVERSION = YES;
				CLANG_WARN_OBJC_IMPLICIT_RETAIN_SELF = YES;
				CLANG_WARN_OBJC_LITERAL_CONVERSION = YES;
				CLANG_WARN_OBJC_ROOT_CLASS = YES_ERROR;
				CLANG_WARN_QUOTED_INCLUDE_IN_FRAMEWORK_HEADER = YES;
				CLANG_WARN_RANGE_LOOP_ANALYSIS = YES;
				CLANG_WARN_STRICT_PROTOTYPES = YES;
				CLANG_WARN_SUSPICIOUS_MOVE = YES;
				CLANG_WARN_UNGUARDED_AVAILABILITY = YES_AGGRESSIVE;
				CLANG_WARN_UNREACHABLE_CODE = YES;
				CLANG_WARN__DUPLICATE_METHOD_MATCH = YES;
				COPY_PHASE_STRIP = NO;
				DEBUG_INFORMATION_FORMAT = "dwarf-with-dsym";
				ENABLE_NS_ASSERTIONS = NO;
				ENABLE_STRICT_OBJC_MSGSEND = YES;
				GCC_C_LANGUAGE_STANDARD = gnu11;
				GCC_NO_COMMON_BLOCKS = YES;
				GCC_WARN_64_TO_32_BIT_CONVERSION = YES;
				GCC_WARN_ABOUT_RETURN_TYPE = YES_ERROR;
				GCC_WARN_UNDECLARED_SELECTOR = YES;
				GCC_WARN_UNINITIALIZED_AUTOS = YES_AGGRESSIVE;
				GCC_WARN_UNUSED_FUNCTION = YES;
				GCC_WARN_UNUSED_VARIABLE = YES;
				IPHONEOS_DEPLOYMENT_TARGET = 14.4;
				MTL_ENABLE_DEBUG_INFO = NO;
				MTL_FAST_MATH = YES;
				SDKROOT = iphoneos;
				SWIFT_COMPILATION_MODE = wholemodule;
				SWIFT_OPTIMIZATION_LEVEL = "-O";
				VALIDATE_PRODUCT = YES;
			};
			name = Release;
		};
		C93CF5EB262DB2DD00258D76 /* Debug */ = {
			isa = XCBuildConfiguration;
			buildSettings = {
				ASSETCATALOG_COMPILER_APPICON_NAME = AppIcon;
				ASSETCATALOG_COMPILER_GLOBAL_ACCENT_COLOR_NAME = AccentColor;
				CODE_SIGN_STYLE = Automatic;
				DEVELOPMENT_TEAM = GYR92CXVA9;
				INFOPLIST_FILE = tipsyApp/Info.plist;
				LD_RUNPATH_SEARCH_PATHS = (
					"$(inherited)",
					"@executable_path/Frameworks",
				);
				PRODUCT_BUNDLE_IDENTIFIER = com.iosdevdose.tipsyApp;
				PRODUCT_NAME = "$(TARGET_NAME)";
				SWIFT_VERSION = 5.0;
				TARGETED_DEVICE_FAMILY = "1,2";
			};
			name = Debug;
		};
		C93CF5EC262DB2DD00258D76 /* Release */ = {
			isa = XCBuildConfiguration;
			buildSettings = {
				ASSETCATALOG_COMPILER_APPICON_NAME = AppIcon;
				ASSETCATALOG_COMPILER_GLOBAL_ACCENT_COLOR_NAME = AccentColor;
				CODE_SIGN_STYLE = Automatic;
				DEVELOPMENT_TEAM = GYR92CXVA9;
				INFOPLIST_FILE = tipsyApp/Info.plist;
				LD_RUNPATH_SEARCH_PATHS = (
					"$(inherited)",
					"@executable_path/Frameworks",
				);
				PRODUCT_BUNDLE_IDENTIFIER = com.iosdevdose.tipsyApp;
				PRODUCT_NAME = "$(TARGET_NAME)";
				SWIFT_VERSION = 5.0;
				TARGETED_DEVICE_FAMILY = "1,2";
			};
			name = Release;
		};
/* End XCBuildConfiguration section */

/* Begin XCConfigurationList section */
		C93CF5D1262DB2DB00258D76 /* Build configuration list for PBXProject "tipsyApp" */ = {
			isa = XCConfigurationList;
			buildConfigurations = (
				C93CF5E8262DB2DD00258D76 /* Debug */,
				C93CF5E9262DB2DD00258D76 /* Release */,
			);
			defaultConfigurationIsVisible = 0;
			defaultConfigurationName = Release;
		};
		C93CF5EA262DB2DD00258D76 /* Build configuration list for PBXNativeTarget "tipsyApp" */ = {
			isa = XCConfigurationList;
			buildConfigurations = (
				C93CF5EB262DB2DD00258D76 /* Debug */,
				C93CF5EC262DB2DD00258D76 /* Release */,
			);
			defaultConfigurationIsVisible = 0;
			defaultConfigurationName = Release;
		};
/* End XCConfigurationList section */
	};
	rootObject = C93CF5CE262DB2DB00258D76 /* Project object */;
}
